
Microsoft Visual Studio Solution File, Format Version 12.00
# Visual Studio Version 17
VisualStudioVersion = 17.1.32210.238
MinimumVisualStudioVersion = 10.0.40219.1
Project("{9A19103F-16F7-4668-BE54-9A1E7A4F7556}") = "GamingDevicesStore", "GamingDevicesStore\GamingDevicesStore.csproj", "{98D9404E-FE46-4DA3-AAFE-C0D99B2DBB02}"
EndProject
Project("{FAE04EC0-301F-11D3-BF4B-00C04F79EFBC}") = "GamingDevicesStore.Tests", "GamingDevicesStore.Tests\GamingDevicesStore.Tests.csproj", "{1A8F89D0-E39C-4300-9137-F7B259D909A5}"
EndProject
Global
	GlobalSection(SolutionConfigurationPlatforms) = preSolution
		Debug|Any CPU = Debug|Any CPU
		Release|Any CPU = Release|Any CPU
	EndGlobalSection
	GlobalSection(ProjectConfigurationPlatforms) = postSolution
		{98D9404E-FE46-4DA3-AAFE-C0D99B2DBB02}.Debug|Any CPU.ActiveCfg = Debug|Any CPU
		{98D9404E-FE46-4DA3-AAFE-C0D99B2DBB02}.Debug|Any CPU.Build.0 = Debug|Any CPU
		{98D9404E-FE46-4DA3-AAFE-C0D99B2DBB02}.Release|Any CPU.ActiveCfg = Release|Any CPU
		{98D9404E-FE46-4DA3-AAFE-C0D99B2DBB02}.Release|Any CPU.Build.0 = Release|Any CPU
		{1A8F89D0-E39C-4300-9137-F7B259D909A5}.Debug|Any CPU.ActiveCfg = Debug|Any CPU
		{1A8F89D0-E39C-4300-9137-F7B259D909A5}.Debug|Any CPU.Build.0 = Debug|Any CPU
		{1A8F89D0-E39C-4300-9137-F7B259D909A5}.Release|Any CPU.ActiveCfg = Release|Any CPU
		{1A8F89D0-E39C-4300-9137-F7B259D909A5}.Release|Any CPU.Build.0 = Release|Any CPU
	EndGlobalSection
	GlobalSection(SolutionProperties) = preSolution
		HideSolutionNode = FALSE
	EndGlobalSection
	GlobalSection(ExtensibilityGlobals) = postSolution
		SolutionGuid = {67C4E785-2E26-4032-ADCA-9683CD54D617}
	EndGlobalSection
EndGlobal
