
Microsoft Visual Studio Solution File, Format Version 12.00
# Visual Studio Version 17
VisualStudioVersion = 17.1.32210.238
MinimumVisualStudioVersion = 10.0.40219.1
Project("{9A19103F-16F7-4668-BE54-9A1E7A4F7556}") = "WebApi", "WebApi\WebApi.csproj", "{F07746F1-896E-4415-8BBD-D51389FB6781}"
EndProject
Project("{9A19103F-16F7-4668-BE54-9A1E7A4F7556}") = "Core", "Core\Core.csproj", "{5B185893-D0F4-4225-88BE-8D613F8C7B66}"
EndProject
Project("{9A19103F-16F7-4668-BE54-9A1E7A4F7556}") = "DataAccess", "DataAccess\DataAccess.csproj", "{A6CBDF20-D501-4CD6-A13C-56D46030504A}"
EndProject
Project("{9A19103F-16F7-4668-BE54-9A1E7A4F7556}") = "Application", "Application\Application.csproj", "{46C376F3-D665-43F6-A761-9853731AD3D1}"
EndProject
Project("{9A19103F-16F7-4668-BE54-9A1E7A4F7556}") = "Application.Tests", "Tests\Application.Tests\Application.Tests.csproj", "{6500AC3B-DEE6-460A-AE57-BD366E4711EB}"
EndProject
Project("{9A19103F-16F7-4668-BE54-9A1E7A4F7556}") = "WebApi.Tests", "Tests\WebApi.Tests\WebApi.Tests.csproj", "{9E89822F-4024-49EA-828B-EA8B8F158F91}"
EndProject
Project("{FAE04EC0-301F-11D3-BF4B-00C04F79EFBC}") = "IdentityServer", "IdentityServer\IdentityServer.csproj", "{0EB7CF98-507D-42A7-88BC-D5758088B815}"
EndProject
Global
	GlobalSection(SolutionConfigurationPlatforms) = preSolution
		Debug|Any CPU = Debug|Any CPU
		Release|Any CPU = Release|Any CPU
	EndGlobalSection
	GlobalSection(ProjectConfigurationPlatforms) = postSolution
		{F07746F1-896E-4415-8BBD-D51389FB6781}.Debug|Any CPU.ActiveCfg = Debug|Any CPU
		{F07746F1-896E-4415-8BBD-D51389FB6781}.Debug|Any CPU.Build.0 = Debug|Any CPU
		{F07746F1-896E-4415-8BBD-D51389FB6781}.Release|Any CPU.ActiveCfg = Release|Any CPU
		{F07746F1-896E-4415-8BBD-D51389FB6781}.Release|Any CPU.Build.0 = Release|Any CPU
		{5B185893-D0F4-4225-88BE-8D613F8C7B66}.Debug|Any CPU.ActiveCfg = Debug|Any CPU
		{5B185893-D0F4-4225-88BE-8D613F8C7B66}.Debug|Any CPU.Build.0 = Debug|Any CPU
		{5B185893-D0F4-4225-88BE-8D613F8C7B66}.Release|Any CPU.ActiveCfg = Release|Any CPU
		{5B185893-D0F4-4225-88BE-8D613F8C7B66}.Release|Any CPU.Build.0 = Release|Any CPU
		{A6CBDF20-D501-4CD6-A13C-56D46030504A}.Debug|Any CPU.ActiveCfg = Debug|Any CPU
		{A6CBDF20-D501-4CD6-A13C-56D46030504A}.Debug|Any CPU.Build.0 = Debug|Any CPU
		{A6CBDF20-D501-4CD6-A13C-56D46030504A}.Release|Any CPU.ActiveCfg = Release|Any CPU
		{A6CBDF20-D501-4CD6-A13C-56D46030504A}.Release|Any CPU.Build.0 = Release|Any CPU
		{46C376F3-D665-43F6-A761-9853731AD3D1}.Debug|Any CPU.ActiveCfg = Debug|Any CPU
		{46C376F3-D665-43F6-A761-9853731AD3D1}.Debug|Any CPU.Build.0 = Debug|Any CPU
		{46C376F3-D665-43F6-A761-9853731AD3D1}.Release|Any CPU.ActiveCfg = Release|Any CPU
		{46C376F3-D665-43F6-A761-9853731AD3D1}.Release|Any CPU.Build.0 = Release|Any CPU
		{6500AC3B-DEE6-460A-AE57-BD366E4711EB}.Debug|Any CPU.ActiveCfg = Debug|Any CPU
		{6500AC3B-DEE6-460A-AE57-BD366E4711EB}.Debug|Any CPU.Build.0 = Debug|Any CPU
		{6500AC3B-DEE6-460A-AE57-BD366E4711EB}.Release|Any CPU.ActiveCfg = Release|Any CPU
		{6500AC3B-DEE6-460A-AE57-BD366E4711EB}.Release|Any CPU.Build.0 = Release|Any CPU
		{9E89822F-4024-49EA-828B-EA8B8F158F91}.Debug|Any CPU.ActiveCfg = Debug|Any CPU
		{9E89822F-4024-49EA-828B-EA8B8F158F91}.Debug|Any CPU.Build.0 = Debug|Any CPU
		{9E89822F-4024-49EA-828B-EA8B8F158F91}.Release|Any CPU.ActiveCfg = Release|Any CPU
		{9E89822F-4024-49EA-828B-EA8B8F158F91}.Release|Any CPU.Build.0 = Release|Any CPU
		{0EB7CF98-507D-42A7-88BC-D5758088B815}.Debug|Any CPU.ActiveCfg = Debug|Any CPU
		{0EB7CF98-507D-42A7-88BC-D5758088B815}.Debug|Any CPU.Build.0 = Debug|Any CPU
		{0EB7CF98-507D-42A7-88BC-D5758088B815}.Release|Any CPU.ActiveCfg = Release|Any CPU
		{0EB7CF98-507D-42A7-88BC-D5758088B815}.Release|Any CPU.Build.0 = Release|Any CPU
	EndGlobalSection
	GlobalSection(SolutionProperties) = preSolution
		HideSolutionNode = FALSE
	EndGlobalSection
	GlobalSection(ExtensibilityGlobals) = postSolution
		SolutionGuid = {1E91FEE4-6E32-4E7C-94C7-C94CDE9A16CF}
	EndGlobalSection
EndGlobal
